// !$*UTF8*$!
{
	archiveVersion = 1;
	classes = {
	};
	objectVersion = 55;
	objects = {

/* Begin PBXBuildFile section */
		4B3553F3272A72D20093E14C /* DisplayBoxes.swift in Sources */ = {isa = PBXBuildFile; fileRef = 4B3553F2272A72D20093E14C /* DisplayBoxes.swift */; };
		4B3553F5272A88A20093E14C /* ViewController_UIView.swift in Sources */ = {isa = PBXBuildFile; fileRef = 4B3553F4272A88A20093E14C /* ViewController_UIView.swift */; };
		4B3553F7272BAE600093E14C /* ShowFPS.swift in Sources */ = {isa = PBXBuildFile; fileRef = 4B3553F6272BAE600093E14C /* ShowFPS.swift */; };
		4B7DB87A27224BFB003ABDD6 /* AppDelegate.swift in Sources */ = {isa = PBXBuildFile; fileRef = 4B7DB87927224BFB003ABDD6 /* AppDelegate.swift */; };
		4B7DB87C27224BFB003ABDD6 /* SceneDelegate.swift in Sources */ = {isa = PBXBuildFile; fileRef = 4B7DB87B27224BFB003ABDD6 /* SceneDelegate.swift */; };
		4B7DB87E27224BFB003ABDD6 /* ViewController_CALayers.swift in Sources */ = {isa = PBXBuildFile; fileRef = 4B7DB87D27224BFB003ABDD6 /* ViewController_CALayers.swift */; };
		4B7DB88127224BFB003ABDD6 /* Main.storyboard in Resources */ = {isa = PBXBuildFile; fileRef = 4B7DB87F27224BFB003ABDD6 /* Main.storyboard */; };
		4B7DB88327224BFD003ABDD6 /* Assets.xcassets in Resources */ = {isa = PBXBuildFile; fileRef = 4B7DB88227224BFD003ABDD6 /* Assets.xcassets */; };
		4B7DB88627224BFD003ABDD6 /* LaunchScreen.storyboard in Resources */ = {isa = PBXBuildFile; fileRef = 4B7DB88427224BFD003ABDD6 /* LaunchScreen.storyboard */; };
		4B7DB89127224BFD003ABDD6 /* Yolo_nipple_detectionTests.swift in Sources */ = {isa = PBXBuildFile; fileRef = 4B7DB89027224BFD003ABDD6 /* Yolo_nipple_detectionTests.swift */; };
		4B7DB89B27224BFD003ABDD6 /* Yolo_nipple_detectionUITests.swift in Sources */ = {isa = PBXBuildFile; fileRef = 4B7DB89A27224BFD003ABDD6 /* Yolo_nipple_detectionUITests.swift */; };
		4B7DB89D27224BFD003ABDD6 /* Yolo_nipple_detectionUITestsLaunchTests.swift in Sources */ = {isa = PBXBuildFile; fileRef = 4B7DB89C27224BFD003ABDD6 /* Yolo_nipple_detectionUITestsLaunchTests.swift */; };
		4B7DB8B027225706003ABDD6 /* 1.png in Resources */ = {isa = PBXBuildFile; fileRef = 4B7DB8AE27225706003ABDD6 /* 1.png */; };
		4B7DB8B127225706003ABDD6 /* yolov5-iOS.mlmodel in Sources */ = {isa = PBXBuildFile; fileRef = 4B7DB8AF27225706003ABDD6 /* yolov5-iOS.mlmodel */; };
		4BD503B32728DAB4009C5E84 /* VisionView.swift in Sources */ = {isa = PBXBuildFile; fileRef = 4BD503B22728DAB4009C5E84 /* VisionView.swift */; };
/* End PBXBuildFile section */

/* Begin PBXContainerItemProxy section */
		4B7DB88D27224BFD003ABDD6 /* PBXContainerItemProxy */ = {
			isa = PBXContainerItemProxy;
			containerPortal = 4B7DB86E27224BFB003ABDD6 /* Project object */;
			proxyType = 1;
			remoteGlobalIDString = 4B7DB87527224BFB003ABDD6;
			remoteInfo = Yolo_nipple_detection;
		};
		4B7DB89727224BFD003ABDD6 /* PBXContainerItemProxy */ = {
			isa = PBXContainerItemProxy;
			containerPortal = 4B7DB86E27224BFB003ABDD6 /* Project object */;
			proxyType = 1;
			remoteGlobalIDString = 4B7DB87527224BFB003ABDD6;
			remoteInfo = Yolo_nipple_detection;
		};
/* End PBXContainerItemProxy section */

/* Begin PBXFileReference section */
		4B3553F2272A72D20093E14C /* DisplayBoxes.swift */ = {isa = PBXFileReference; lastKnownFileType = sourcecode.swift; path = DisplayBoxes.swift; sourceTree = "<group>"; };
		4B3553F4272A88A20093E14C /* ViewController_UIView.swift */ = {isa = PBXFileReference; lastKnownFileType = sourcecode.swift; path = ViewController_UIView.swift; sourceTree = "<group>"; };
		4B3553F6272BAE600093E14C /* ShowFPS.swift */ = {isa = PBXFileReference; lastKnownFileType = sourcecode.swift; path = ShowFPS.swift; sourceTree = "<group>"; };
		4B7DB87627224BFB003ABDD6 /* Yolo_nipple_detection.app */ = {isa = PBXFileReference; explicitFileType = wrapper.application; includeInIndex = 0; path = Yolo_nipple_detection.app; sourceTree = BUILT_PRODUCTS_DIR; };
		4B7DB87927224BFB003ABDD6 /* AppDelegate.swift */ = {isa = PBXFileReference; lastKnownFileType = sourcecode.swift; path = AppDelegate.swift; sourceTree = "<group>"; };
		4B7DB87B27224BFB003ABDD6 /* SceneDelegate.swift */ = {isa = PBXFileReference; lastKnownFileType = sourcecode.swift; path = SceneDelegate.swift; sourceTree = "<group>"; };
		4B7DB87D27224BFB003ABDD6 /* ViewController_CALayers.swift */ = {isa = PBXFileReference; lastKnownFileType = sourcecode.swift; path = ViewController_CALayers.swift; sourceTree = "<group>"; };
		4B7DB88027224BFB003ABDD6 /* Base */ = {isa = PBXFileReference; lastKnownFileType = file.storyboard; name = Base; path = Base.lproj/Main.storyboard; sourceTree = "<group>"; };
		4B7DB88227224BFD003ABDD6 /* Assets.xcassets */ = {isa = PBXFileReference; lastKnownFileType = folder.assetcatalog; path = Assets.xcassets; sourceTree = "<group>"; };
		4B7DB88527224BFD003ABDD6 /* Base */ = {isa = PBXFileReference; lastKnownFileType = file.storyboard; name = Base; path = Base.lproj/LaunchScreen.storyboard; sourceTree = "<group>"; };
		4B7DB88727224BFD003ABDD6 /* Info.plist */ = {isa = PBXFileReference; lastKnownFileType = text.plist.xml; path = Info.plist; sourceTree = "<group>"; };
		4B7DB88C27224BFD003ABDD6 /* Yolo_nipple_detectionTests.xctest */ = {isa = PBXFileReference; explicitFileType = wrapper.cfbundle; includeInIndex = 0; path = Yolo_nipple_detectionTests.xctest; sourceTree = BUILT_PRODUCTS_DIR; };
		4B7DB89027224BFD003ABDD6 /* Yolo_nipple_detectionTests.swift */ = {isa = PBXFileReference; lastKnownFileType = sourcecode.swift; path = Yolo_nipple_detectionTests.swift; sourceTree = "<group>"; };
		4B7DB89627224BFD003ABDD6 /* Yolo_nipple_detectionUITests.xctest */ = {isa = PBXFileReference; explicitFileType = wrapper.cfbundle; includeInIndex = 0; path = Yolo_nipple_detectionUITests.xctest; sourceTree = BUILT_PRODUCTS_DIR; };
		4B7DB89A27224BFD003ABDD6 /* Yolo_nipple_detectionUITests.swift */ = {isa = PBXFileReference; lastKnownFileType = sourcecode.swift; path = Yolo_nipple_detectionUITests.swift; sourceTree = "<group>"; };
		4B7DB89C27224BFD003ABDD6 /* Yolo_nipple_detectionUITestsLaunchTests.swift */ = {isa = PBXFileReference; lastKnownFileType = sourcecode.swift; path = Yolo_nipple_detectionUITestsLaunchTests.swift; sourceTree = "<group>"; };
		4B7DB8AE27225706003ABDD6 /* 1.png */ = {isa = PBXFileReference; lastKnownFileType = image.png; path = 1.png; sourceTree = "<group>"; };
		4B7DB8AF27225706003ABDD6 /* yolov5-iOS.mlmodel */ = {isa = PBXFileReference; lastKnownFileType = file.mlmodel; path = "yolov5-iOS.mlmodel"; sourceTree = "<group>"; };
		4BD503B22728DAB4009C5E84 /* VisionView.swift */ = {isa = PBXFileReference; lastKnownFileType = sourcecode.swift; path = VisionView.swift; sourceTree = "<group>"; };
/* End PBXFileReference section */

/* Begin PBXFrameworksBuildPhase section */
		4B7DB87327224BFB003ABDD6 /* Frameworks */ = {
			isa = PBXFrameworksBuildPhase;
			buildActionMask = 2147483647;
			files = (
			);
			runOnlyForDeploymentPostprocessing = 0;
		};
		4B7DB88927224BFD003ABDD6 /* Frameworks */ = {
			isa = PBXFrameworksBuildPhase;
			buildActionMask = 2147483647;
			files = (
			);
			runOnlyForDeploymentPostprocessing = 0;
		};
		4B7DB89327224BFD003ABDD6 /* Frameworks */ = {
			isa = PBXFrameworksBuildPhase;
			buildActionMask = 2147483647;
			files = (
			);
			runOnlyForDeploymentPostprocessing = 0;
		};
/* End PBXFrameworksBuildPhase section */

/* Begin PBXGroup section */
		4B7DB86D27224BFB003ABDD6 = {
			isa = PBXGroup;
			children = (
				4B7DB8B22722570D003ABDD6 /* Resources */,
				4B7DB87827224BFB003ABDD6 /* Yolo_nipple_detection */,
				4B7DB88F27224BFD003ABDD6 /* Yolo_nipple_detectionTests */,
				4B7DB89927224BFD003ABDD6 /* Yolo_nipple_detectionUITests */,
				4B7DB87727224BFB003ABDD6 /* Products */,
			);
			sourceTree = "<group>";
		};
		4B7DB87727224BFB003ABDD6 /* Products */ = {
			isa = PBXGroup;
			children = (
				4B7DB87627224BFB003ABDD6 /* Yolo_nipple_detection.app */,
				4B7DB88C27224BFD003ABDD6 /* Yolo_nipple_detectionTests.xctest */,
				4B7DB89627224BFD003ABDD6 /* Yolo_nipple_detectionUITests.xctest */,
			);
			name = Products;
			sourceTree = "<group>";
		};
		4B7DB87827224BFB003ABDD6 /* Yolo_nipple_detection */ = {
			isa = PBXGroup;
			children = (
				4B7DB87927224BFB003ABDD6 /* AppDelegate.swift */,
				4B7DB87B27224BFB003ABDD6 /* SceneDelegate.swift */,
				4B7DB87D27224BFB003ABDD6 /* ViewController_CALayers.swift */,
				4B7DB87F27224BFB003ABDD6 /* Main.storyboard */,
				4B7DB88227224BFD003ABDD6 /* Assets.xcassets */,
				4B7DB88427224BFD003ABDD6 /* LaunchScreen.storyboard */,
				4B7DB88727224BFD003ABDD6 /* Info.plist */,
				4BD503B22728DAB4009C5E84 /* VisionView.swift */,
				4B3553F2272A72D20093E14C /* DisplayBoxes.swift */,
				4B3553F4272A88A20093E14C /* ViewController_UIView.swift */,
				4B3553F6272BAE600093E14C /* ShowFPS.swift */,
			);
			path = Yolo_nipple_detection;
			sourceTree = "<group>";
		};
		4B7DB88F27224BFD003ABDD6 /* Yolo_nipple_detectionTests */ = {
			isa = PBXGroup;
			children = (
				4B7DB89027224BFD003ABDD6 /* Yolo_nipple_detectionTests.swift */,
			);
			path = Yolo_nipple_detectionTests;
			sourceTree = "<group>";
		};
		4B7DB89927224BFD003ABDD6 /* Yolo_nipple_detectionUITests */ = {
			isa = PBXGroup;
			children = (
				4B7DB89A27224BFD003ABDD6 /* Yolo_nipple_detectionUITests.swift */,
				4B7DB89C27224BFD003ABDD6 /* Yolo_nipple_detectionUITestsLaunchTests.swift */,
			);
			path = Yolo_nipple_detectionUITests;
			sourceTree = "<group>";
		};
		4B7DB8B22722570D003ABDD6 /* Resources */ = {
			isa = PBXGroup;
			children = (
				4B7DB8AF27225706003ABDD6 /* yolov5-iOS.mlmodel */,
				4B7DB8AE27225706003ABDD6 /* 1.png */,
			);
			path = Resources;
			sourceTree = "<group>";
		};
/* End PBXGroup section */

/* Begin PBXNativeTarget section */
		4B7DB87527224BFB003ABDD6 /* Yolo_nipple_detection */ = {
			isa = PBXNativeTarget;
			buildConfigurationList = 4B7DB8A027224BFD003ABDD6 /* Build configuration list for PBXNativeTarget "Yolo_nipple_detection" */;
			buildPhases = (
				4B7DB87227224BFB003ABDD6 /* Sources */,
				4B7DB87327224BFB003ABDD6 /* Frameworks */,
				4B7DB87427224BFB003ABDD6 /* Resources */,
			);
			buildRules = (
			);
			dependencies = (
			);
			name = Yolo_nipple_detection;
			productName = Yolo_nipple_detection;
			productReference = 4B7DB87627224BFB003ABDD6 /* Yolo_nipple_detection.app */;
			productType = "com.apple.product-type.application";
		};
		4B7DB88B27224BFD003ABDD6 /* Yolo_nipple_detectionTests */ = {
			isa = PBXNativeTarget;
			buildConfigurationList = 4B7DB8A327224BFD003ABDD6 /* Build configuration list for PBXNativeTarget "Yolo_nipple_detectionTests" */;
			buildPhases = (
				4B7DB88827224BFD003ABDD6 /* Sources */,
				4B7DB88927224BFD003ABDD6 /* Frameworks */,
				4B7DB88A27224BFD003ABDD6 /* Resources */,
			);
			buildRules = (
			);
			dependencies = (
				4B7DB88E27224BFD003ABDD6 /* PBXTargetDependency */,
			);
			name = Yolo_nipple_detectionTests;
			productName = Yolo_nipple_detectionTests;
			productReference = 4B7DB88C27224BFD003ABDD6 /* Yolo_nipple_detectionTests.xctest */;
			productType = "com.apple.product-type.bundle.unit-test";
		};
		4B7DB89527224BFD003ABDD6 /* Yolo_nipple_detectionUITests */ = {
			isa = PBXNativeTarget;
			buildConfigurationList = 4B7DB8A627224BFD003ABDD6 /* Build configuration list for PBXNativeTarget "Yolo_nipple_detectionUITests" */;
			buildPhases = (
				4B7DB89227224BFD003ABDD6 /* Sources */,
				4B7DB89327224BFD003ABDD6 /* Frameworks */,
				4B7DB89427224BFD003ABDD6 /* Resources */,
			);
			buildRules = (
			);
			dependencies = (
				4B7DB89827224BFD003ABDD6 /* PBXTargetDependency */,
			);
			name = Yolo_nipple_detectionUITests;
			productName = Yolo_nipple_detectionUITests;
			productReference = 4B7DB89627224BFD003ABDD6 /* Yolo_nipple_detectionUITests.xctest */;
			productType = "com.apple.product-type.bundle.ui-testing";
		};
/* End PBXNativeTarget section */

/* Begin PBXProject section */
		4B7DB86E27224BFB003ABDD6 /* Project object */ = {
			isa = PBXProject;
			attributes = {
				BuildIndependentTargetsInParallel = 1;
				LastSwiftUpdateCheck = 1300;
				LastUpgradeCheck = 1300;
				TargetAttributes = {
					4B7DB87527224BFB003ABDD6 = {
						CreatedOnToolsVersion = 13.0;
					};
					4B7DB88B27224BFD003ABDD6 = {
						CreatedOnToolsVersion = 13.0;
						TestTargetID = 4B7DB87527224BFB003ABDD6;
					};
					4B7DB89527224BFD003ABDD6 = {
						CreatedOnToolsVersion = 13.0;
						TestTargetID = 4B7DB87527224BFB003ABDD6;
					};
				};
			};
			buildConfigurationList = 4B7DB87127224BFB003ABDD6 /* Build configuration list for PBXProject "Yolo_nipple_detection" */;
			compatibilityVersion = "Xcode 13.0";
			developmentRegion = en;
			hasScannedForEncodings = 0;
			knownRegions = (
				en,
				Base,
			);
			mainGroup = 4B7DB86D27224BFB003ABDD6;
			productRefGroup = 4B7DB87727224BFB003ABDD6 /* Products */;
			projectDirPath = "";
			projectRoot = "";
			targets = (
				4B7DB87527224BFB003ABDD6 /* Yolo_nipple_detection */,
				4B7DB88B27224BFD003ABDD6 /* Yolo_nipple_detectionTests */,
				4B7DB89527224BFD003ABDD6 /* Yolo_nipple_detectionUITests */,
			);
		};
/* End PBXProject section */

/* Begin PBXResourcesBuildPhase section */
		4B7DB87427224BFB003ABDD6 /* Resources */ = {
			isa = PBXResourcesBuildPhase;
			buildActionMask = 2147483647;
			files = (
				4B7DB88627224BFD003ABDD6 /* LaunchScreen.storyboard in Resources */,
				4B7DB8B027225706003ABDD6 /* 1.png in Resources */,
				4B7DB88327224BFD003ABDD6 /* Assets.xcassets in Resources */,
				4B7DB88127224BFB003ABDD6 /* Main.storyboard in Resources */,
			);
			runOnlyForDeploymentPostprocessing = 0;
		};
		4B7DB88A27224BFD003ABDD6 /* Resources */ = {
			isa = PBXResourcesBuildPhase;
			buildActionMask = 2147483647;
			files = (
			);
			runOnlyForDeploymentPostprocessing = 0;
		};
		4B7DB89427224BFD003ABDD6 /* Resources */ = {
			isa = PBXResourcesBuildPhase;
			buildActionMask = 2147483647;
			files = (
			);
			runOnlyForDeploymentPostprocessing = 0;
		};
/* End PBXResourcesBuildPhase section */

/* Begin PBXSourcesBuildPhase section */
		4B7DB87227224BFB003ABDD6 /* Sources */ = {
			isa = PBXSourcesBuildPhase;
			buildActionMask = 2147483647;
			files = (
				4BD503B32728DAB4009C5E84 /* VisionView.swift in Sources */,
				4B7DB87E27224BFB003ABDD6 /* ViewController_CALayers.swift in Sources */,
				4B3553F7272BAE600093E14C /* ShowFPS.swift in Sources */,
				4B3553F3272A72D20093E14C /* DisplayBoxes.swift in Sources */,
				4B7DB8B127225706003ABDD6 /* yolov5-iOS.mlmodel in Sources */,
				4B7DB87A27224BFB003ABDD6 /* AppDelegate.swift in Sources */,
				4B3553F5272A88A20093E14C /* ViewController_UIView.swift in Sources */,
				4B7DB87C27224BFB003ABDD6 /* SceneDelegate.swift in Sources */,
			);
			runOnlyForDeploymentPostprocessing = 0;
		};
		4B7DB88827224BFD003ABDD6 /* Sources */ = {
			isa = PBXSourcesBuildPhase;
			buildActionMask = 2147483647;
			files = (
				4B7DB89127224BFD003ABDD6 /* Yolo_nipple_detectionTests.swift in Sources */,
			);
			runOnlyForDeploymentPostprocessing = 0;
		};
		4B7DB89227224BFD003ABDD6 /* Sources */ = {
			isa = PBXSourcesBuildPhase;
			buildActionMask = 2147483647;
			files = (
				4B7DB89B27224BFD003ABDD6 /* Yolo_nipple_detectionUITests.swift in Sources */,
				4B7DB89D27224BFD003ABDD6 /* Yolo_nipple_detectionUITestsLaunchTests.swift in Sources */,
			);
			runOnlyForDeploymentPostprocessing = 0;
		};
/* End PBXSourcesBuildPhase section */

/* Begin PBXTargetDependency section */
		4B7DB88E27224BFD003ABDD6 /* PBXTargetDependency */ = {
			isa = PBXTargetDependency;
			target = 4B7DB87527224BFB003ABDD6 /* Yolo_nipple_detection */;
			targetProxy = 4B7DB88D27224BFD003ABDD6 /* PBXContainerItemProxy */;
		};
		4B7DB89827224BFD003ABDD6 /* PBXTargetDependency */ = {
			isa = PBXTargetDependency;
			target = 4B7DB87527224BFB003ABDD6 /* Yolo_nipple_detection */;
			targetProxy = 4B7DB89727224BFD003ABDD6 /* PBXContainerItemProxy */;
		};
/* End PBXTargetDependency section */

/* Begin PBXVariantGroup section */
		4B7DB87F27224BFB003ABDD6 /* Main.storyboard */ = {
			isa = PBXVariantGroup;
			children = (
				4B7DB88027224BFB003ABDD6 /* Base */,
			);
			name = Main.storyboard;
			sourceTree = "<group>";
		};
		4B7DB88427224BFD003ABDD6 /* LaunchScreen.storyboard */ = {
			isa = PBXVariantGroup;
			children = (
				4B7DB88527224BFD003ABDD6 /* Base */,
			);
			name = LaunchScreen.storyboard;
			sourceTree = "<group>";
		};
/* End PBXVariantGroup section */

/* Begin XCBuildConfiguration section */
		4B7DB89E27224BFD003ABDD6 /* Debug */ = {
			isa = XCBuildConfiguration;
			buildSettings = {
				ALWAYS_SEARCH_USER_PATHS = NO;
				CLANG_ANALYZER_NONNULL = YES;
				CLANG_ANALYZER_NUMBER_OBJECT_CONVERSION = YES_AGGRESSIVE;
				CLANG_CXX_LANGUAGE_STANDARD = "gnu++17";
				CLANG_CXX_LIBRARY = "libc++";
				CLANG_ENABLE_MODULES = YES;
				CLANG_ENABLE_OBJC_ARC = YES;
				CLANG_ENABLE_OBJC_WEAK = YES;
				CLANG_WARN_BLOCK_CAPTURE_AUTORELEASING = YES;
				CLANG_WARN_BOOL_CONVERSION = YES;
				CLANG_WARN_COMMA = YES;
				CLANG_WARN_CONSTANT_CONVERSION = YES;
				CLANG_WARN_DEPRECATED_OBJC_IMPLEMENTATIONS = YES;
				CLANG_WARN_DIRECT_OBJC_ISA_USAGE = YES_ERROR;
				CLANG_WARN_DOCUMENTATION_COMMENTS = YES;
				CLANG_WARN_EMPTY_BODY = YES;
				CLANG_WARN_ENUM_CONVERSION = YES;
				CLANG_WARN_INFINITE_RECURSION = YES;
				CLANG_WARN_INT_CONVERSION = YES;
				CLANG_WARN_NON_LITERAL_NULL_CONVERSION = YES;
				CLANG_WARN_OBJC_IMPLICIT_RETAIN_SELF = YES;
				CLANG_WARN_OBJC_LITERAL_CONVERSION = YES;
				CLANG_WARN_OBJC_ROOT_CLASS = YES_ERROR;
				CLANG_WARN_QUOTED_INCLUDE_IN_FRAMEWORK_HEADER = YES;
				CLANG_WARN_RANGE_LOOP_ANALYSIS = YES;
				CLANG_WARN_STRICT_PROTOTYPES = YES;
				CLANG_WARN_SUSPICIOUS_MOVE = YES;
				CLANG_WARN_UNGUARDED_AVAILABILITY = YES_AGGRESSIVE;
				CLANG_WARN_UNREACHABLE_CODE = YES;
				CLANG_WARN__DUPLICATE_METHOD_MATCH = YES;
				COPY_PHASE_STRIP = NO;
				DEBUG_INFORMATION_FORMAT = dwarf;
				ENABLE_STRICT_OBJC_MSGSEND = YES;
				ENABLE_TESTABILITY = YES;
				GCC_C_LANGUAGE_STANDARD = gnu11;
				GCC_DYNAMIC_NO_PIC = NO;
				GCC_NO_COMMON_BLOCKS = YES;
				GCC_OPTIMIZATION_LEVEL = 0;
				GCC_PREPROCESSOR_DEFINITIONS = (
					"DEBUG=1",
					"$(inherited)",
				);
				GCC_WARN_64_TO_32_BIT_CONVERSION = YES;
				GCC_WARN_ABOUT_RETURN_TYPE = YES_ERROR;
				GCC_WARN_UNDECLARED_SELECTOR = YES;
				GCC_WARN_UNINITIALIZED_AUTOS = YES_AGGRESSIVE;
				GCC_WARN_UNUSED_FUNCTION = YES;
				GCC_WARN_UNUSED_VARIABLE = YES;
				IPHONEOS_DEPLOYMENT_TARGET = 15.0;
				MTL_ENABLE_DEBUG_INFO = INCLUDE_SOURCE;
				MTL_FAST_MATH = YES;
				ONLY_ACTIVE_ARCH = YES;
				SDKROOT = iphoneos;
				SWIFT_ACTIVE_COMPILATION_CONDITIONS = DEBUG;
				SWIFT_OPTIMIZATION_LEVEL = "-Onone";
			};
			name = Debug;
		};
		4B7DB89F27224BFD003ABDD6 /* Release */ = {
			isa = XCBuildConfiguration;
			buildSettings = {
				ALWAYS_SEARCH_USER_PATHS = NO;
				CLANG_ANALYZER_NONNULL = YES;
				CLANG_ANALYZER_NUMBER_OBJECT_CONVERSION = YES_AGGRESSIVE;
				CLANG_CXX_LANGUAGE_STANDARD = "gnu++17";
				CLANG_CXX_LIBRARY = "libc++";
				CLANG_ENABLE_MODULES = YES;
				CLANG_ENABLE_OBJC_ARC = YES;
				CLANG_ENABLE_OBJC_WEAK = YES;
				CLANG_WARN_BLOCK_CAPTURE_AUTORELEASING = YES;
				CLANG_WARN_BOOL_CONVERSION = YES;
				CLANG_WARN_COMMA = YES;
				CLANG_WARN_CONSTANT_CONVERSION = YES;
				CLANG_WARN_DEPRECATED_OBJC_IMPLEMENTATIONS = YES;
				CLANG_WARN_DIRECT_OBJC_ISA_USAGE = YES_ERROR;
				CLANG_WARN_DOCUMENTATION_COMMENTS = YES;
				CLANG_WARN_EMPTY_BODY = YES;
				CLANG_WARN_ENUM_CONVERSION = YES;
				CLANG_WARN_INFINITE_RECURSION = YES;
				CLANG_WARN_INT_CONVERSION = YES;
				CLANG_WARN_NON_LITERAL_NULL_CONVERSION = YES;
				CLANG_WARN_OBJC_IMPLICIT_RETAIN_SELF = YES;
				CLANG_WARN_OBJC_LITERAL_CONVERSION = YES;
				CLANG_WARN_OBJC_ROOT_CLASS = YES_ERROR;
				CLANG_WARN_QUOTED_INCLUDE_IN_FRAMEWORK_HEADER = YES;
				CLANG_WARN_RANGE_LOOP_ANALYSIS = YES;
				CLANG_WARN_STRICT_PROTOTYPES = YES;
				CLANG_WARN_SUSPICIOUS_MOVE = YES;
				CLANG_WARN_UNGUARDED_AVAILABILITY = YES_AGGRESSIVE;
				CLANG_WARN_UNREACHABLE_CODE = YES;
				CLANG_WARN__DUPLICATE_METHOD_MATCH = YES;
				COPY_PHASE_STRIP = NO;
				DEBUG_INFORMATION_FORMAT = "dwarf-with-dsym";
				ENABLE_NS_ASSERTIONS = NO;
				ENABLE_STRICT_OBJC_MSGSEND = YES;
				GCC_C_LANGUAGE_STANDARD = gnu11;
				GCC_NO_COMMON_BLOCKS = YES;
				GCC_WARN_64_TO_32_BIT_CONVERSION = YES;
				GCC_WARN_ABOUT_RETURN_TYPE = YES_ERROR;
				GCC_WARN_UNDECLARED_SELECTOR = YES;
				GCC_WARN_UNINITIALIZED_AUTOS = YES_AGGRESSIVE;
				GCC_WARN_UNUSED_FUNCTION = YES;
				GCC_WARN_UNUSED_VARIABLE = YES;
				IPHONEOS_DEPLOYMENT_TARGET = 15.0;
				MTL_ENABLE_DEBUG_INFO = NO;
				MTL_FAST_MATH = YES;
				SDKROOT = iphoneos;
				SWIFT_COMPILATION_MODE = wholemodule;
				SWIFT_OPTIMIZATION_LEVEL = "-O";
				VALIDATE_PRODUCT = YES;
			};
			name = Release;
		};
		4B7DB8A127224BFD003ABDD6 /* Debug */ = {
			isa = XCBuildConfiguration;
			buildSettings = {
				ASSETCATALOG_COMPILER_APPICON_NAME = AppIcon;
				ASSETCATALOG_COMPILER_GLOBAL_ACCENT_COLOR_NAME = AccentColor;
				CODE_SIGN_STYLE = Automatic;
				CURRENT_PROJECT_VERSION = 1;
				DEVELOPMENT_TEAM = DZALFV4TQY;
				GENERATE_INFOPLIST_FILE = YES;
				INFOPLIST_FILE = Yolo_nipple_detection/Info.plist;
				INFOPLIST_KEY_NSCameraUsageDescription = "Because I want!";
				INFOPLIST_KEY_UIApplicationSupportsIndirectInputEvents = YES;
				INFOPLIST_KEY_UILaunchStoryboardName = LaunchScreen;
				INFOPLIST_KEY_UIMainStoryboardFile = Main;
				INFOPLIST_KEY_UISupportedInterfaceOrientations = UIInterfaceOrientationLandscapeLeft;
				INFOPLIST_KEY_UISupportedInterfaceOrientations_iPad = "UIInterfaceOrientationPortrait UIInterfaceOrientationPortraitUpsideDown UIInterfaceOrientationLandscapeLeft UIInterfaceOrientationLandscapeRight";
				INFOPLIST_KEY_UISupportedInterfaceOrientations_iPhone = "UIInterfaceOrientationPortrait UIInterfaceOrientationLandscapeLeft UIInterfaceOrientationLandscapeRight";
				LD_RUNPATH_SEARCH_PATHS = (
					"$(inherited)",
					"@executable_path/Frameworks",
				);
				MARKETING_VERSION = 1.0;
				PRODUCT_BUNDLE_IDENTIFIER = "yolo-nipple-detector.Yolo-nipple-detection2";
				PRODUCT_NAME = "$(TARGET_NAME)";
				SWIFT_EMIT_LOC_STRINGS = YES;
				SWIFT_VERSION = 5.0;
				TARGETED_DEVICE_FAMILY = "1,2";
			};
			name = Debug;
		};
		4B7DB8A227224BFD003ABDD6 /* Release */ = {
			isa = XCBuildConfiguration;
			buildSettings = {
				ASSETCATALOG_COMPILER_APPICON_NAME = AppIcon;
				ASSETCATALOG_COMPILER_GLOBAL_ACCENT_COLOR_NAME = AccentColor;
				CODE_SIGN_STYLE = Automatic;
				CURRENT_PROJECT_VERSION = 1;
				DEVELOPMENT_TEAM = DZALFV4TQY;
				GENERATE_INFOPLIST_FILE = YES;
				INFOPLIST_FILE = Yolo_nipple_detection/Info.plist;
				INFOPLIST_KEY_NSCameraUsageDescription = "Because I want!";
				INFOPLIST_KEY_UIApplicationSupportsIndirectInputEvents = YES;
				INFOPLIST_KEY_UILaunchStoryboardName = LaunchScreen;
				INFOPLIST_KEY_UIMainStoryboardFile = Main;
				INFOPLIST_KEY_UISupportedInterfaceOrientations = UIInterfaceOrientationLandscapeLeft;
				INFOPLIST_KEY_UISupportedInterfaceOrientations_iPad = "UIInterfaceOrientationPortrait UIInterfaceOrientationPortraitUpsideDown UIInterfaceOrientationLandscapeLeft UIInterfaceOrientationLandscapeRight";
				INFOPLIST_KEY_UISupportedInterfaceOrientations_iPhone = "UIInterfaceOrientationPortrait UIInterfaceOrientationLandscapeLeft UIInterfaceOrientationLandscapeRight";
				LD_RUNPATH_SEARCH_PATHS = (
					"$(inherited)",
					"@executable_path/Frameworks",
				);
				MARKETING_VERSION = 1.0;
				PRODUCT_BUNDLE_IDENTIFIER = "yolo-nipple-detector.Yolo-nipple-detection2";
				PRODUCT_NAME = "$(TARGET_NAME)";
				SWIFT_EMIT_LOC_STRINGS = YES;
				SWIFT_VERSION = 5.0;
				TARGETED_DEVICE_FAMILY = "1,2";
			};
			name = Release;
		};
		4B7DB8A427224BFD003ABDD6 /* Debug */ = {
			isa = XCBuildConfiguration;
			buildSettings = {
				ALWAYS_EMBED_SWIFT_STANDARD_LIBRARIES = YES;
				BUNDLE_LOADER = "$(TEST_HOST)";
				CODE_SIGN_STYLE = Automatic;
				CURRENT_PROJECT_VERSION = 1;
				DEVELOPMENT_TEAM = DZALFV4TQY;
				GENERATE_INFOPLIST_FILE = YES;
				IPHONEOS_DEPLOYMENT_TARGET = 15.0;
				LD_RUNPATH_SEARCH_PATHS = (
					"$(inherited)",
					"@executable_path/Frameworks",
					"@loader_path/Frameworks",
				);
				MARKETING_VERSION = 1.0;
				PRODUCT_BUNDLE_IDENTIFIER = "yolo-nipple-detector.Yolo-nipple-detectionTests";
				PRODUCT_NAME = "$(TARGET_NAME)";
				SWIFT_EMIT_LOC_STRINGS = NO;
				SWIFT_VERSION = 5.0;
				TARGETED_DEVICE_FAMILY = "1,2";
				TEST_HOST = "$(BUILT_PRODUCTS_DIR)/Yolo_nipple_detection.app/Yolo_nipple_detection";
			};
			name = Debug;
		};
		4B7DB8A527224BFD003ABDD6 /* Release */ = {
			isa = XCBuildConfiguration;
			buildSettings = {
				ALWAYS_EMBED_SWIFT_STANDARD_LIBRARIES = YES;
				BUNDLE_LOADER = "$(TEST_HOST)";
				CODE_SIGN_STYLE = Automatic;
				CURRENT_PROJECT_VERSION = 1;
				DEVELOPMENT_TEAM = DZALFV4TQY;
				GENERATE_INFOPLIST_FILE = YES;
				IPHONEOS_DEPLOYMENT_TARGET = 15.0;
				LD_RUNPATH_SEARCH_PATHS = (
					"$(inherited)",
					"@executable_path/Frameworks",
					"@loader_path/Frameworks",
				);
				MARKETING_VERSION = 1.0;
				PRODUCT_BUNDLE_IDENTIFIER = "yolo-nipple-detector.Yolo-nipple-detectionTests";
				PRODUCT_NAME = "$(TARGET_NAME)";
				SWIFT_EMIT_LOC_STRINGS = NO;
				SWIFT_VERSION = 5.0;
				TARGETED_DEVICE_FAMILY = "1,2";
				TEST_HOST = "$(BUILT_PRODUCTS_DIR)/Yolo_nipple_detection.app/Yolo_nipple_detection";
			};
			name = Release;
		};
		4B7DB8A727224BFD003ABDD6 /* Debug */ = {
			isa = XCBuildConfiguration;
			buildSettings = {
				ALWAYS_EMBED_SWIFT_STANDARD_LIBRARIES = YES;
				CODE_SIGN_STYLE = Automatic;
				CURRENT_PROJECT_VERSION = 1;
				DEVELOPMENT_TEAM = DZALFV4TQY;
				GENERATE_INFOPLIST_FILE = YES;
				LD_RUNPATH_SEARCH_PATHS = (
					"$(inherited)",
					"@executable_path/Frameworks",
					"@loader_path/Frameworks",
				);
				MARKETING_VERSION = 1.0;
				PRODUCT_BUNDLE_IDENTIFIER = "yolo-nipple-detector.Yolo-nipple-detectionUITests";
				PRODUCT_NAME = "$(TARGET_NAME)";
				SWIFT_EMIT_LOC_STRINGS = NO;
				SWIFT_VERSION = 5.0;
				TARGETED_DEVICE_FAMILY = "1,2";
				TEST_TARGET_NAME = Yolo_nipple_detection;
			};
			name = Debug;
		};
		4B7DB8A827224BFD003ABDD6 /* Release */ = {
			isa = XCBuildConfiguration;
			buildSettings = {
				ALWAYS_EMBED_SWIFT_STANDARD_LIBRARIES = YES;
				CODE_SIGN_STYLE = Automatic;
				CURRENT_PROJECT_VERSION = 1;
				DEVELOPMENT_TEAM = DZALFV4TQY;
				GENERATE_INFOPLIST_FILE = YES;
				LD_RUNPATH_SEARCH_PATHS = (
					"$(inherited)",
					"@executable_path/Frameworks",
					"@loader_path/Frameworks",
				);
				MARKETING_VERSION = 1.0;
				PRODUCT_BUNDLE_IDENTIFIER = "yolo-nipple-detector.Yolo-nipple-detectionUITests";
				PRODUCT_NAME = "$(TARGET_NAME)";
				SWIFT_EMIT_LOC_STRINGS = NO;
				SWIFT_VERSION = 5.0;
				TARGETED_DEVICE_FAMILY = "1,2";
				TEST_TARGET_NAME = Yolo_nipple_detection;
			};
			name = Release;
		};
/* End XCBuildConfiguration section */

/* Begin XCConfigurationList section */
		4B7DB87127224BFB003ABDD6 /* Build configuration list for PBXProject "Yolo_nipple_detection" */ = {
			isa = XCConfigurationList;
			buildConfigurations = (
				4B7DB89E27224BFD003ABDD6 /* Debug */,
				4B7DB89F27224BFD003ABDD6 /* Release */,
			);
			defaultConfigurationIsVisible = 0;
			defaultConfigurationName = Release;
		};
		4B7DB8A027224BFD003ABDD6 /* Build configuration list for PBXNativeTarget "Yolo_nipple_detection" */ = {
			isa = XCConfigurationList;
			buildConfigurations = (
				4B7DB8A127224BFD003ABDD6 /* Debug */,
				4B7DB8A227224BFD003ABDD6 /* Release */,
			);
			defaultConfigurationIsVisible = 0;
			defaultConfigurationName = Release;
		};
		4B7DB8A327224BFD003ABDD6 /* Build configuration list for PBXNativeTarget "Yolo_nipple_detectionTests" */ = {
			isa = XCConfigurationList;
			buildConfigurations = (
				4B7DB8A427224BFD003ABDD6 /* Debug */,
				4B7DB8A527224BFD003ABDD6 /* Release */,
			);
			defaultConfigurationIsVisible = 0;
			defaultConfigurationName = Release;
		};
		4B7DB8A627224BFD003ABDD6 /* Build configuration list for PBXNativeTarget "Yolo_nipple_detectionUITests" */ = {
			isa = XCConfigurationList;
			buildConfigurations = (
				4B7DB8A727224BFD003ABDD6 /* Debug */,
				4B7DB8A827224BFD003ABDD6 /* Release */,
			);
			defaultConfigurationIsVisible = 0;
			defaultConfigurationName = Release;
		};
/* End XCConfigurationList section */
	};
	rootObject = 4B7DB86E27224BFB003ABDD6 /* Project object */;
}
